{
  "version": 1,
  "root": "root",
  "packages": [
    {
      "id": "git:c5125d0dd6cd13cc:0b5b24886f3a54a5a4cfb0ad4569c5d0e1120eb4",
      "name": "decode",
      "git": "https://github.com/akonwi/ard-decode.git",
      "commit": "0b5b24886f3a54a5a4cfb0ad4569c5d0e1120eb4",
      "requested": "0b5b248",
      "integrity": "sha256:837d8766ef916ab2e3f5331897032dde55edb1564807d4635d3db61d47293810"
    },
    {
      "id": "root",
      "name": "sql",
      "path": ".",
      "dependencies": {
        "decode": "git:c5125d0dd6cd13cc:0b5b24886f3a54a5a4cfb0ad4569c5d0e1120eb4"
      }
    }
  ]
}
